
Microsoft Visual Studio Solution File, Format Version 12.00
# Visual Studio Version 17
VisualStudioVersion = 17.6.33815.320
MinimumVisualStudioVersion = 10.0.40219.1
Project("{8BC9CEB8-8B4A-11D0-8D11-00A0C91BC942}") = "Actividad_5_13", "Actividad_5_13\Actividad_5_13.vcxproj", "{ABDC44FF-5BA8-40E6-ACA7-BDD3327E5DBE}"
EndProject
Global
	GlobalSection(SolutionConfigurationPlatforms) = preSolution
		Debug|x64 = Debug|x64
		Debug|x86 = Debug|x86
		Release|x64 = Release|x64
		Release|x86 = Release|x86
	EndGlobalSection
	GlobalSection(ProjectConfigurationPlatforms) = postSolution
		{ABDC44FF-5BA8-40E6-ACA7-BDD3327E5DBE}.Debug|x64.ActiveCfg = Debug|x64
		{ABDC44FF-5BA8-40E6-ACA7-BDD3327E5DBE}.Debug|x64.Build.0 = Debug|x64
		{ABDC44FF-5BA8-40E6-ACA7-BDD3327E5DBE}.Debug|x86.ActiveCfg = Debug|Win32
		{ABDC44FF-5BA8-40E6-ACA7-BDD3327E5DBE}.Debug|x86.Build.0 = Debug|Win32
		{ABDC44FF-5BA8-40E6-ACA7-BDD3327E5DBE}.Release|x64.ActiveCfg = Release|x64
		{ABDC44FF-5BA8-40E6-ACA7-BDD3327E5DBE}.Release|x64.Build.0 = Release|x64
		{ABDC44FF-5BA8-40E6-ACA7-BDD3327E5DBE}.Release|x86.ActiveCfg = Release|Win32
		{ABDC44FF-5BA8-40E6-ACA7-BDD3327E5DBE}.Release|x86.Build.0 = Release|Win32
	EndGlobalSection
	GlobalSection(SolutionProperties) = preSolution
		HideSolutionNode = FALSE
	EndGlobalSection
	GlobalSection(ExtensibilityGlobals) = postSolution
		SolutionGuid = {AC84183A-AA75-4036-A9A9-AA3BE045C719}
	EndGlobalSection
EndGlobal
